
Microsoft Visual Studio Solution File, Format Version 12.00
# Visual Studio 14
VisualStudioVersion = 14.0.25420.1
MinimumVisualStudioVersion = 10.0.40219.1
Project("{FAE04EC0-301F-11D3-BF4B-00C04F79EFBC}") = "DataBase", "DataBase\DataBase.csproj", "{F44259DD-EF91-42F5-8D71-1AA6F154A902}"
EndProject
Project("{FAE04EC0-301F-11D3-BF4B-00C04F79EFBC}") = "Entitys", "Entitys\Entitys.csproj", "{C52642C6-BFA7-452B-8D57-7A5CE7A8DAA9}"
EndProject
Project("{FAE04EC0-301F-11D3-BF4B-00C04F79EFBC}") = "Commons", "Commons\Commons.csproj", "{31A08AD9-280E-4A54-B993-6D21FD5E7A97}"
EndProject
Project("{FAE04EC0-301F-11D3-BF4B-00C04F79EFBC}") = "WebInfo", "WebInfo\WebInfo.csproj", "{E606C827-D1C9-45B1-A409-3A65EB6EAE16}"
EndProject
Global
	GlobalSection(SolutionConfigurationPlatforms) = preSolution
		Debug|Any CPU = Debug|Any CPU
		Release|Any CPU = Release|Any CPU
	EndGlobalSection
	GlobalSection(ProjectConfigurationPlatforms) = postSolution
		{F44259DD-EF91-42F5-8D71-1AA6F154A902}.Debug|Any CPU.ActiveCfg = Debug|Any CPU
		{F44259DD-EF91-42F5-8D71-1AA6F154A902}.Debug|Any CPU.Build.0 = Debug|Any CPU
		{F44259DD-EF91-42F5-8D71-1AA6F154A902}.Release|Any CPU.ActiveCfg = Release|Any CPU
		{F44259DD-EF91-42F5-8D71-1AA6F154A902}.Release|Any CPU.Build.0 = Release|Any CPU
		{C52642C6-BFA7-452B-8D57-7A5CE7A8DAA9}.Debug|Any CPU.ActiveCfg = Debug|Any CPU
		{C52642C6-BFA7-452B-8D57-7A5CE7A8DAA9}.Debug|Any CPU.Build.0 = Debug|Any CPU
		{C52642C6-BFA7-452B-8D57-7A5CE7A8DAA9}.Release|Any CPU.ActiveCfg = Release|Any CPU
		{C52642C6-BFA7-452B-8D57-7A5CE7A8DAA9}.Release|Any CPU.Build.0 = Release|Any CPU
		{31A08AD9-280E-4A54-B993-6D21FD5E7A97}.Debug|Any CPU.ActiveCfg = Debug|Any CPU
		{31A08AD9-280E-4A54-B993-6D21FD5E7A97}.Debug|Any CPU.Build.0 = Debug|Any CPU
		{31A08AD9-280E-4A54-B993-6D21FD5E7A97}.Release|Any CPU.ActiveCfg = Release|Any CPU
		{31A08AD9-280E-4A54-B993-6D21FD5E7A97}.Release|Any CPU.Build.0 = Release|Any CPU
		{E606C827-D1C9-45B1-A409-3A65EB6EAE16}.Debug|Any CPU.ActiveCfg = Debug|Any CPU
		{E606C827-D1C9-45B1-A409-3A65EB6EAE16}.Debug|Any CPU.Build.0 = Debug|Any CPU
		{E606C827-D1C9-45B1-A409-3A65EB6EAE16}.Release|Any CPU.ActiveCfg = Release|Any CPU
		{E606C827-D1C9-45B1-A409-3A65EB6EAE16}.Release|Any CPU.Build.0 = Release|Any CPU
	EndGlobalSection
	GlobalSection(SolutionProperties) = preSolution
		HideSolutionNode = FALSE
	EndGlobalSection
EndGlobal
